{
  "name": "jss-nextjs-app-azure-functions",
  "version": "1.0.0",
  "lockfileVersion": 1,
  "requires": true,
  "dependencies": {
    "@vercel/ncc": {
      "version": "0.30.0",
      "resolved": "https://registry.npmjs.org/@vercel/ncc/-/ncc-0.30.0.tgz",
      "integrity": "sha512-16ePj2GkwjomvE0HLL5ny+d+sudOwvZNYW8vjpMh3cyWdFxoMI8KSQiolVxeHBULbU1C5mVxLK5nL9NtnnpIew=="
    },
    "ncp": {
      "version": "2.0.0",
      "resolved": "https://registry.npmjs.org/ncp/-/ncp-2.0.0.tgz",
      "integrity": "sha1-GVoh1sRuNh0vsSgbo4uR6d9727M=",
      "dev": true
    }
  }
}
